<Solution>
  <Project Path="CasinoApp.API/CasinoApp.API.csproj" />
  <Project Path="CasinoApp.BusinessLogic/CasinoApp.BusinessLogic.csproj" />
  <Project Path="CasinoApp.DataAccess/CasinoApp.DataAccess.csproj" />
  <Project Path="CasinoApp.Tests/CasinoApp.Tests.csproj" Id="aef52928-a87a-4022-a44b-91572ed116a8" />
  <Project Path="CasinoApp.Web/CasinoApp.Web.Client/CasinoApp.Web.Client.csproj" />
  <Project Path="CasinoApp.Web/CasinoApp.Web/CasinoApp.Web.csproj" />
</Solution>
